// !$*UTF8*$!
{
	archiveVersion = 1;
	classes = {
	};
	objectVersion = 51;
	objects = {

/* Begin PBXBuildFile section */
		177BB705FB82DEDCA43C5E59 /* Pods_Authorization.framework in Frameworks */ = {isa = PBXBuildFile; fileRef = ECE9780E91249D411429943B /* Pods_Authorization.framework */; };
		271D0FC82501D784004D616C /* AppDelegate.swift in Sources */ = {isa = PBXBuildFile; fileRef = 271D0FC72501D784004D616C /* AppDelegate.swift */; };
		271D0FCC2501D784004D616C /* ViewController.swift in Sources */ = {isa = PBXBuildFile; fileRef = 271D0FCB2501D784004D616C /* ViewController.swift */; };
		271D0FCF2501D784004D616C /* Main.storyboard in Resources */ = {isa = PBXBuildFile; fileRef = 271D0FCD2501D784004D616C /* Main.storyboard */; };
		271D0FD12501D785004D616C /* Assets.xcassets in Resources */ = {isa = PBXBuildFile; fileRef = 271D0FD02501D785004D616C /* Assets.xcassets */; };
		271D0FD42501D785004D616C /* LaunchScreen.storyboard in Resources */ = {isa = PBXBuildFile; fileRef = 271D0FD22501D785004D616C /* LaunchScreen.storyboard */; };
		271D0FDE2501E361004D616C /* SystemAuth.swift in Sources */ = {isa = PBXBuildFile; fileRef = 271D0FDD2501E361004D616C /* SystemAuth.swift */; };
/* End PBXBuildFile section */

/* Begin PBXFileReference section */
		0D46FDFF15817D5EA0748698 /* Pods-Authorization.release.xcconfig */ = {isa = PBXFileReference; includeInIndex = 1; lastKnownFileType = text.xcconfig; name = "Pods-Authorization.release.xcconfig"; path = "Target Support Files/Pods-Authorization/Pods-Authorization.release.xcconfig"; sourceTree = "<group>"; };
		271D0FC42501D784004D616C /* Authorization.app */ = {isa = PBXFileReference; explicitFileType = wrapper.application; includeInIndex = 0; path = Authorization.app; sourceTree = BUILT_PRODUCTS_DIR; };
		271D0FC72501D784004D616C /* AppDelegate.swift */ = {isa = PBXFileReference; lastKnownFileType = sourcecode.swift; path = AppDelegate.swift; sourceTree = "<group>"; };
		271D0FCB2501D784004D616C /* ViewController.swift */ = {isa = PBXFileReference; lastKnownFileType = sourcecode.swift; path = ViewController.swift; sourceTree = "<group>"; };
		271D0FCE2501D784004D616C /* Base */ = {isa = PBXFileReference; lastKnownFileType = file.storyboard; name = Base; path = Base.lproj/Main.storyboard; sourceTree = "<group>"; };
		271D0FD02501D785004D616C /* Assets.xcassets */ = {isa = PBXFileReference; lastKnownFileType = folder.assetcatalog; path = Assets.xcassets; sourceTree = "<group>"; };
		271D0FD32501D785004D616C /* Base */ = {isa = PBXFileReference; lastKnownFileType = file.storyboard; name = Base; path = Base.lproj/LaunchScreen.storyboard; sourceTree = "<group>"; };
		271D0FD52501D785004D616C /* Info.plist */ = {isa = PBXFileReference; lastKnownFileType = text.plist.xml; path = Info.plist; sourceTree = "<group>"; };
		271D0FDD2501E361004D616C /* SystemAuth.swift */ = {isa = PBXFileReference; lastKnownFileType = sourcecode.swift; path = SystemAuth.swift; sourceTree = "<group>"; };
		92160A3F8AE7057983744154 /* Pods-Authorization.debug.xcconfig */ = {isa = PBXFileReference; includeInIndex = 1; lastKnownFileType = text.xcconfig; name = "Pods-Authorization.debug.xcconfig"; path = "Target Support Files/Pods-Authorization/Pods-Authorization.debug.xcconfig"; sourceTree = "<group>"; };
		ECE9780E91249D411429943B /* Pods_Authorization.framework */ = {isa = PBXFileReference; explicitFileType = wrapper.framework; includeInIndex = 0; path = Pods_Authorization.framework; sourceTree = BUILT_PRODUCTS_DIR; };
/* End PBXFileReference section */

/* Begin PBXFrameworksBuildPhase section */
		271D0FC12501D784004D616C /* Frameworks */ = {
			isa = PBXFrameworksBuildPhase;
			buildActionMask = 2147483647;
			files = (
				177BB705FB82DEDCA43C5E59 /* Pods_Authorization.framework in Frameworks */,
			);
			runOnlyForDeploymentPostprocessing = 0;
		};
/* End PBXFrameworksBuildPhase section */

/* Begin PBXGroup section */
		271D0FBB2501D784004D616C = {
			isa = PBXGroup;
			children = (
				271D0FC62501D784004D616C /* Authorization */,
				271D0FC52501D784004D616C /* Products */,
				46C558314DD54C397FC57193 /* Pods */,
				EF9F05F797403D462D5BEED2 /* Frameworks */,
			);
			sourceTree = "<group>";
		};
		271D0FC52501D784004D616C /* Products */ = {
			isa = PBXGroup;
			children = (
				271D0FC42501D784004D616C /* Authorization.app */,
			);
			name = Products;
			sourceTree = "<group>";
		};
		271D0FC62501D784004D616C /* Authorization */ = {
			isa = PBXGroup;
			children = (
				271D0FC72501D784004D616C /* AppDelegate.swift */,
				271D0FCB2501D784004D616C /* ViewController.swift */,
				271D0FDD2501E361004D616C /* SystemAuth.swift */,
				271D0FCD2501D784004D616C /* Main.storyboard */,
				271D0FD02501D785004D616C /* Assets.xcassets */,
				271D0FD22501D785004D616C /* LaunchScreen.storyboard */,
				271D0FD52501D785004D616C /* Info.plist */,
			);
			path = Authorization;
			sourceTree = "<group>";
		};
		46C558314DD54C397FC57193 /* Pods */ = {
			isa = PBXGroup;
			children = (
				92160A3F8AE7057983744154 /* Pods-Authorization.debug.xcconfig */,
				0D46FDFF15817D5EA0748698 /* Pods-Authorization.release.xcconfig */,
			);
			path = Pods;
			sourceTree = "<group>";
		};
		EF9F05F797403D462D5BEED2 /* Frameworks */ = {
			isa = PBXGroup;
			children = (
				ECE9780E91249D411429943B /* Pods_Authorization.framework */,
			);
			name = Frameworks;
			sourceTree = "<group>";
		};
/* End PBXGroup section */

/* Begin PBXNativeTarget section */
		271D0FC32501D784004D616C /* Authorization */ = {
			isa = PBXNativeTarget;
			buildConfigurationList = 271D0FD82501D785004D616C /* Build configuration list for PBXNativeTarget "Authorization" */;
			buildPhases = (
				0F3C99FC395B1913BA1C4DBD /* [CP] Check Pods Manifest.lock */,
				271D0FC02501D784004D616C /* Sources */,
				271D0FC12501D784004D616C /* Frameworks */,
				271D0FC22501D784004D616C /* Resources */,
				FE0422F344F484D4B7462996 /* [CP] Embed Pods Frameworks */,
			);
			buildRules = (
			);
			dependencies = (
			);
			name = Authorization;
			productName = Authorization;
			productReference = 271D0FC42501D784004D616C /* Authorization.app */;
			productType = "com.apple.product-type.application";
		};
/* End PBXNativeTarget section */

/* Begin PBXProject section */
		271D0FBC2501D784004D616C /* Project object */ = {
			isa = PBXProject;
			attributes = {
				LastSwiftUpdateCheck = 1170;
				LastUpgradeCheck = 1170;
				ORGANIZATIONNAME = LTM;
				TargetAttributes = {
					271D0FC32501D784004D616C = {
						CreatedOnToolsVersion = 11.7;
					};
				};
			};
			buildConfigurationList = 271D0FBF2501D784004D616C /* Build configuration list for PBXProject "Authorization" */;
			compatibilityVersion = "Xcode 9.3";
			developmentRegion = en;
			hasScannedForEncodings = 0;
			knownRegions = (
				en,
				Base,
			);
			mainGroup = 271D0FBB2501D784004D616C;
			productRefGroup = 271D0FC52501D784004D616C /* Products */;
			projectDirPath = "";
			projectRoot = "";
			targets = (
				271D0FC32501D784004D616C /* Authorization */,
			);
		};
/* End PBXProject section */

/* Begin PBXResourcesBuildPhase section */
		271D0FC22501D784004D616C /* Resources */ = {
			isa = PBXResourcesBuildPhase;
			buildActionMask = 2147483647;
			files = (
				271D0FD42501D785004D616C /* LaunchScreen.storyboard in Resources */,
				271D0FD12501D785004D616C /* Assets.xcassets in Resources */,
				271D0FCF2501D784004D616C /* Main.storyboard in Resources */,
			);
			runOnlyForDeploymentPostprocessing = 0;
		};
/* End PBXResourcesBuildPhase section */

/* Begin PBXShellScriptBuildPhase section */
		0F3C99FC395B1913BA1C4DBD /* [CP] Check Pods Manifest.lock */ = {
			isa = PBXShellScriptBuildPhase;
			buildActionMask = 2147483647;
			files = (
			);
			inputFileListPaths = (
			);
			inputPaths = (
				"${PODS_PODFILE_DIR_PATH}/Podfile.lock",
				"${PODS_ROOT}/Manifest.lock",
			);
			name = "[CP] Check Pods Manifest.lock";
			outputFileListPaths = (
			);
			outputPaths = (
				"$(DERIVED_FILE_DIR)/Pods-Authorization-checkManifestLockResult.txt",
			);
			runOnlyForDeploymentPostprocessing = 0;
			shellPath = /bin/sh;
			shellScript = "diff \"${PODS_PODFILE_DIR_PATH}/Podfile.lock\" \"${PODS_ROOT}/Manifest.lock\" > /dev/null\nif [ $? != 0 ] ; then\n    # print error to STDERR\n    echo \"error: The sandbox is not in sync with the Podfile.lock. Run 'pod install' or update your CocoaPods installation.\" >&2\n    exit 1\nfi\n# This output is used by Xcode 'outputs' to avoid re-running this script phase.\necho \"SUCCESS\" > \"${SCRIPT_OUTPUT_FILE_0}\"\n";
			showEnvVarsInLog = 0;
		};
		FE0422F344F484D4B7462996 /* [CP] Embed Pods Frameworks */ = {
			isa = PBXShellScriptBuildPhase;
			buildActionMask = 2147483647;
			files = (
			);
			inputFileListPaths = (
				"${PODS_ROOT}/Target Support Files/Pods-Authorization/Pods-Authorization-frameworks-${CONFIGURATION}-input-files.xcfilelist",
			);
			name = "[CP] Embed Pods Frameworks";
			outputFileListPaths = (
				"${PODS_ROOT}/Target Support Files/Pods-Authorization/Pods-Authorization-frameworks-${CONFIGURATION}-output-files.xcfilelist",
			);
			runOnlyForDeploymentPostprocessing = 0;
			shellPath = /bin/sh;
			shellScript = "\"${PODS_ROOT}/Target Support Files/Pods-Authorization/Pods-Authorization-frameworks.sh\"\n";
			showEnvVarsInLog = 0;
		};
/* End PBXShellScriptBuildPhase section */

/* Begin PBXSourcesBuildPhase section */
		271D0FC02501D784004D616C /* Sources */ = {
			isa = PBXSourcesBuildPhase;
			buildActionMask = 2147483647;
			files = (
				271D0FCC2501D784004D616C /* ViewController.swift in Sources */,
				271D0FDE2501E361004D616C /* SystemAuth.swift in Sources */,
				271D0FC82501D784004D616C /* AppDelegate.swift in Sources */,
			);
			runOnlyForDeploymentPostprocessing = 0;
		};
/* End PBXSourcesBuildPhase section */

/* Begin PBXVariantGroup section */
		271D0FCD2501D784004D616C /* Main.storyboard */ = {
			isa = PBXVariantGroup;
			children = (
				271D0FCE2501D784004D616C /* Base */,
			);
			name = Main.storyboard;
			sourceTree = "<group>";
		};
		271D0FD22501D785004D616C /* LaunchScreen.storyboard */ = {
			isa = PBXVariantGroup;
			children = (
				271D0FD32501D785004D616C /* Base */,
			);
			name = LaunchScreen.storyboard;
			sourceTree = "<group>";
		};
/* End PBXVariantGroup section */

/* Begin XCBuildConfiguration section */
		271D0FD62501D785004D616C /* Debug */ = {
			isa = XCBuildConfiguration;
			buildSettings = {
				ALWAYS_SEARCH_USER_PATHS = NO;
				CLANG_ANALYZER_NONNULL = YES;
				CLANG_ANALYZER_NUMBER_OBJECT_CONVERSION = YES_AGGRESSIVE;
				CLANG_CXX_LANGUAGE_STANDARD = "gnu++14";
				CLANG_CXX_LIBRARY = "libc++";
				CLANG_ENABLE_MODULES = YES;
				CLANG_ENABLE_OBJC_ARC = YES;
				CLANG_ENABLE_OBJC_WEAK = YES;
				CLANG_WARN_BLOCK_CAPTURE_AUTORELEASING = YES;
				CLANG_WARN_BOOL_CONVERSION = YES;
				CLANG_WARN_COMMA = YES;
				CLANG_WARN_CONSTANT_CONVERSION = YES;
				CLANG_WARN_DEPRECATED_OBJC_IMPLEMENTATIONS = YES;
				CLANG_WARN_DIRECT_OBJC_ISA_USAGE = YES_ERROR;
				CLANG_WARN_DOCUMENTATION_COMMENTS = YES;
				CLANG_WARN_EMPTY_BODY = YES;
				CLANG_WARN_ENUM_CONVERSION = YES;
				CLANG_WARN_INFINITE_RECURSION = YES;
				CLANG_WARN_INT_CONVERSION = YES;
				CLANG_WARN_NON_LITERAL_NULL_CONVERSION = YES;
				CLANG_WARN_OBJC_IMPLICIT_RETAIN_SELF = YES;
				CLANG_WARN_OBJC_LITERAL_CONVERSION = YES;
				CLANG_WARN_OBJC_ROOT_CLASS = YES_ERROR;
				CLANG_WARN_RANGE_LOOP_ANALYSIS = YES;
				CLANG_WARN_STRICT_PROTOTYPES = YES;
				CLANG_WARN_SUSPICIOUS_MOVE = YES;
				CLANG_WARN_UNGUARDED_AVAILABILITY = YES_AGGRESSIVE;
				CLANG_WARN_UNREACHABLE_CODE = YES;
				CLANG_WARN__DUPLICATE_METHOD_MATCH = YES;
				COPY_PHASE_STRIP = NO;
				DEBUG_INFORMATION_FORMAT = dwarf;
				ENABLE_STRICT_OBJC_MSGSEND = YES;
				ENABLE_TESTABILITY = YES;
				GCC_C_LANGUAGE_STANDARD = gnu11;
				GCC_DYNAMIC_NO_PIC = NO;
				GCC_NO_COMMON_BLOCKS = YES;
				GCC_OPTIMIZATION_LEVEL = 0;
				GCC_PREPROCESSOR_DEFINITIONS = (
					"DEBUG=1",
					"$(inherited)",
				);
				GCC_WARN_64_TO_32_BIT_CONVERSION = YES;
				GCC_WARN_ABOUT_RETURN_TYPE = YES_ERROR;
				GCC_WARN_UNDECLARED_SELECTOR = YES;
				GCC_WARN_UNINITIALIZED_AUTOS = YES_AGGRESSIVE;
				GCC_WARN_UNUSED_FUNCTION = YES;
				GCC_WARN_UNUSED_VARIABLE = YES;
				IPHONEOS_DEPLOYMENT_TARGET = 10.0;
				MTL_ENABLE_DEBUG_INFO = INCLUDE_SOURCE;
				MTL_FAST_MATH = YES;
				ONLY_ACTIVE_ARCH = YES;
				SDKROOT = iphoneos;
				SWIFT_ACTIVE_COMPILATION_CONDITIONS = DEBUG;
				SWIFT_OPTIMIZATION_LEVEL = "-Onone";
			};
			name = Debug;
		};
		271D0FD72501D785004D616C /* Release */ = {
			isa = XCBuildConfiguration;
			buildSettings = {
				ALWAYS_SEARCH_USER_PATHS = NO;
				CLANG_ANALYZER_NONNULL = YES;
				CLANG_ANALYZER_NUMBER_OBJECT_CONVERSION = YES_AGGRESSIVE;
				CLANG_CXX_LANGUAGE_STANDARD = "gnu++14";
				CLANG_CXX_LIBRARY = "libc++";
				CLANG_ENABLE_MODULES = YES;
				CLANG_ENABLE_OBJC_ARC = YES;
				CLANG_ENABLE_OBJC_WEAK = YES;
				CLANG_WARN_BLOCK_CAPTURE_AUTORELEASING = YES;
				CLANG_WARN_BOOL_CONVERSION = YES;
				CLANG_WARN_COMMA = YES;
				CLANG_WARN_CONSTANT_CONVERSION = YES;
				CLANG_WARN_DEPRECATED_OBJC_IMPLEMENTATIONS = YES;
				CLANG_WARN_DIRECT_OBJC_ISA_USAGE = YES_ERROR;
				CLANG_WARN_DOCUMENTATION_COMMENTS = YES;
				CLANG_WARN_EMPTY_BODY = YES;
				CLANG_WARN_ENUM_CONVERSION = YES;
				CLANG_WARN_INFINITE_RECURSION = YES;
				CLANG_WARN_INT_CONVERSION = YES;
				CLANG_WARN_NON_LITERAL_NULL_CONVERSION = YES;
				CLANG_WARN_OBJC_IMPLICIT_RETAIN_SELF = YES;
				CLANG_WARN_OBJC_LITERAL_CONVERSION = YES;
				CLANG_WARN_OBJC_ROOT_CLASS = YES_ERROR;
				CLANG_WARN_RANGE_LOOP_ANALYSIS = YES;
				CLANG_WARN_STRICT_PROTOTYPES = YES;
				CLANG_WARN_SUSPICIOUS_MOVE = YES;
				CLANG_WARN_UNGUARDED_AVAILABILITY = YES_AGGRESSIVE;
				CLANG_WARN_UNREACHABLE_CODE = YES;
				CLANG_WARN__DUPLICATE_METHOD_MATCH = YES;
				COPY_PHASE_STRIP = NO;
				DEBUG_INFORMATION_FORMAT = "dwarf-with-dsym";
				ENABLE_NS_ASSERTIONS = NO;
				ENABLE_STRICT_OBJC_MSGSEND = YES;
				GCC_C_LANGUAGE_STANDARD = gnu11;
				GCC_NO_COMMON_BLOCKS = YES;
				GCC_WARN_64_TO_32_BIT_CONVERSION = YES;
				GCC_WARN_ABOUT_RETURN_TYPE = YES_ERROR;
				GCC_WARN_UNDECLARED_SELECTOR = YES;
				GCC_WARN_UNINITIALIZED_AUTOS = YES_AGGRESSIVE;
				GCC_WARN_UNUSED_FUNCTION = YES;
				GCC_WARN_UNUSED_VARIABLE = YES;
				IPHONEOS_DEPLOYMENT_TARGET = 10.0;
				MTL_ENABLE_DEBUG_INFO = NO;
				MTL_FAST_MATH = YES;
				SDKROOT = iphoneos;
				SWIFT_COMPILATION_MODE = wholemodule;
				SWIFT_OPTIMIZATION_LEVEL = "-O";
				VALIDATE_PRODUCT = YES;
			};
			name = Release;
		};
		271D0FD92501D785004D616C /* Debug */ = {
			isa = XCBuildConfiguration;
			baseConfigurationReference = 92160A3F8AE7057983744154 /* Pods-Authorization.debug.xcconfig */;
			buildSettings = {
				ASSETCATALOG_COMPILER_APPICON_NAME = AppIcon;
				CODE_SIGN_STYLE = Automatic;
				DEVELOPMENT_TEAM = X86L5A5P2C;
				INFOPLIST_FILE = Authorization/Info.plist;
				IPHONEOS_DEPLOYMENT_TARGET = 10.0;
				LD_RUNPATH_SEARCH_PATHS = (
					"$(inherited)",
					"@executable_path/Frameworks",
				);
				PRODUCT_BUNDLE_IDENTIFIER = com3.2ltm.Authorization1;
				PRODUCT_NAME = "$(TARGET_NAME)";
				SWIFT_VERSION = 5.0;
				TARGETED_DEVICE_FAMILY = "1,2";
			};
			name = Debug;
		};
		271D0FDA2501D785004D616C /* Release */ = {
			isa = XCBuildConfiguration;
			baseConfigurationReference = 0D46FDFF15817D5EA0748698 /* Pods-Authorization.release.xcconfig */;
			buildSettings = {
				ASSETCATALOG_COMPILER_APPICON_NAME = AppIcon;
				CODE_SIGN_STYLE = Automatic;
				DEVELOPMENT_TEAM = X86L5A5P2C;
				INFOPLIST_FILE = Authorization/Info.plist;
				IPHONEOS_DEPLOYMENT_TARGET = 10.0;
				LD_RUNPATH_SEARCH_PATHS = (
					"$(inherited)",
					"@executable_path/Frameworks",
				);
				PRODUCT_BUNDLE_IDENTIFIER = com3.2ltm.Authorization1;
				PRODUCT_NAME = "$(TARGET_NAME)";
				SWIFT_VERSION = 5.0;
				TARGETED_DEVICE_FAMILY = "1,2";
			};
			name = Release;
		};
/* End XCBuildConfiguration section */

/* Begin XCConfigurationList section */
		271D0FBF2501D784004D616C /* Build configuration list for PBXProject "Authorization" */ = {
			isa = XCConfigurationList;
			buildConfigurations = (
				271D0FD62501D785004D616C /* Debug */,
				271D0FD72501D785004D616C /* Release */,
			);
			defaultConfigurationIsVisible = 0;
			defaultConfigurationName = Release;
		};
		271D0FD82501D785004D616C /* Build configuration list for PBXNativeTarget "Authorization" */ = {
			isa = XCConfigurationList;
			buildConfigurations = (
				271D0FD92501D785004D616C /* Debug */,
				271D0FDA2501D785004D616C /* Release */,
			);
			defaultConfigurationIsVisible = 0;
			defaultConfigurationName = Release;
		};
/* End XCConfigurationList section */
	};
	rootObject = 271D0FBC2501D784004D616C /* Project object */;
}
